
Microsoft Visual Studio Solution File, Format Version 12.00
# Visual Studio Version 16
VisualStudioVersion = 16.0.31025.194
MinimumVisualStudioVersion = 10.0.40219.1
Project("{FAE04EC0-301F-11D3-BF4B-00C04F79EFBC}") = "FileWriterProject", "FileWriterProject\FileWriterProject.csproj", "{698741C7-61EA-4129-BC6C-2C594D5A4115}"
EndProject
Global
	GlobalSection(SolutionConfigurationPlatforms) = preSolution
		Debug|Any CPU = Debug|Any CPU
		Release|Any CPU = Release|Any CPU
	EndGlobalSection
	GlobalSection(ProjectConfigurationPlatforms) = postSolution
		{698741C7-61EA-4129-BC6C-2C594D5A4115}.Debug|Any CPU.ActiveCfg = Debug|Any CPU
		{698741C7-61EA-4129-BC6C-2C594D5A4115}.Debug|Any CPU.Build.0 = Debug|Any CPU
		{698741C7-61EA-4129-BC6C-2C594D5A4115}.Release|Any CPU.ActiveCfg = Release|Any CPU
		{698741C7-61EA-4129-BC6C-2C594D5A4115}.Release|Any CPU.Build.0 = Release|Any CPU
	EndGlobalSection
	GlobalSection(SolutionProperties) = preSolution
		HideSolutionNode = FALSE
	EndGlobalSection
	GlobalSection(ExtensibilityGlobals) = postSolution
		SolutionGuid = {FA9DECF8-F3BC-4B19-A075-721612CC594E}
	EndGlobalSection
EndGlobal
